
Microsoft Visual Studio Solution File, Format Version 12.00
# Visual Studio Version 16
VisualStudioVersion = 16.0.30907.101
MinimumVisualStudioVersion = 10.0.40219.1
Project("{FAE04EC0-301F-11D3-BF4B-00C04F79EFBC}") = "ShoppingCart_New", "ShoppingCart_New\ShoppingCart_New.csproj", "{72FC8BEB-4E68-4477-B556-F21531F9E1CE}"
EndProject
Global
	GlobalSection(SolutionConfigurationPlatforms) = preSolution
		Debug|Any CPU = Debug|Any CPU
		Release|Any CPU = Release|Any CPU
	EndGlobalSection
	GlobalSection(ProjectConfigurationPlatforms) = postSolution
		{72FC8BEB-4E68-4477-B556-F21531F9E1CE}.Debug|Any CPU.ActiveCfg = Debug|Any CPU
		{72FC8BEB-4E68-4477-B556-F21531F9E1CE}.Debug|Any CPU.Build.0 = Debug|Any CPU
		{72FC8BEB-4E68-4477-B556-F21531F9E1CE}.Release|Any CPU.ActiveCfg = Release|Any CPU
		{72FC8BEB-4E68-4477-B556-F21531F9E1CE}.Release|Any CPU.Build.0 = Release|Any CPU
	EndGlobalSection
	GlobalSection(SolutionProperties) = preSolution
		HideSolutionNode = FALSE
	EndGlobalSection
	GlobalSection(ExtensibilityGlobals) = postSolution
		SolutionGuid = {078D5AC0-CB3E-47AE-9F32-7165DAC71172}
	EndGlobalSection
EndGlobal
